
Microsoft Visual Studio Solution File, Format Version 12.00
# Visual Studio Version 17
VisualStudioVersion = 17.3.32825.248
MinimumVisualStudioVersion = 10.0.40219.1
Project("{FAE04EC0-301F-11D3-BF4B-00C04F79EFBC}") = "WpfApp1", "WpfApp1.csproj", "{955B38A7-B7BD-438B-83C1-7007B8A36EDD}"
EndProject
Global
	GlobalSection(SolutionConfigurationPlatforms) = preSolution
		Debug|Any CPU = Debug|Any CPU
		Release|Any CPU = Release|Any CPU
	EndGlobalSection
	GlobalSection(ProjectConfigurationPlatforms) = postSolution
		{955B38A7-B7BD-438B-83C1-7007B8A36EDD}.Debug|Any CPU.ActiveCfg = Debug|Any CPU
		{955B38A7-B7BD-438B-83C1-7007B8A36EDD}.Debug|Any CPU.Build.0 = Debug|Any CPU
		{955B38A7-B7BD-438B-83C1-7007B8A36EDD}.Release|Any CPU.ActiveCfg = Release|Any CPU
		{955B38A7-B7BD-438B-83C1-7007B8A36EDD}.Release|Any CPU.Build.0 = Release|Any CPU
	EndGlobalSection
	GlobalSection(SolutionProperties) = preSolution
		HideSolutionNode = FALSE
	EndGlobalSection
	GlobalSection(ExtensibilityGlobals) = postSolution
		SolutionGuid = {15F28192-F1EA-489B-A666-B83147F992E1}
	EndGlobalSection
EndGlobal
